{
  "sources": {
    "wordpress": {
      "locked_version": "1.1.2"
    },
    "php": {
      "locked_version": "1.2.4"
    },
    "build-essential": {
      "locked_version": "1.4.2"
    },
    "xml": {
      "locked_version": "1.1.2"
    },
    "mysql": {
      "locked_version": "3.0.4"
    },
    "openssl": {
      "locked_version": "1.1.0"
    },
    "apache2": {
      "locked_version": "1.7.0"
    }
  }
}
