{
  "sha": "9303c901020c56ab4b57cfe8113c07ab53277f76",
  "sources": {
    "apt": {
      "locked_version": "2.1.0",
      "git": "git@github.com:opscode-cookbooks/apt.git",
      "ref": "159f5dc0e9fc7ce5728bbf707241d0c05c5b44c7"
    },
    "getting-started": {
      "locked_version": "0.4.0",
      "constraint": "~> 0.4"
    },
    "god": {
      "locked_version": "1.0.3",
      "git": "git@github.com:wistia/chef-god.git",
      "ref": "d6f2842761fb59272dd333817051872dddd9ea18"
    },
    "haproxy": {
      "locked_version": "1.3.3",
      "git": "git@github.com:wistia/chef-haproxy.git",
      "ref": "f5cc661e1ad11d891c64b2d401bf988e8551ef6c"
    },
    "logrotate": {
      "locked_version": "1.2.3",
      "git": "git@github.com:opscode-cookbooks/logrotate.git",
      "ref": "f7618b723a3909e53d0fbf594f0de30a2b9384a4"
    },
    "mongodb": {
      "locked_version": "0.13.1",
      "git": "git@github.com:edelight/chef-mongodb.git",
      "ref": "1624d731556aa1394b8102a11f1cdcd07dc59f37"
    },
    "ohai-public_ip": {
      "locked_version": "0.1.16",
      "git": "git@github.com:wistia/chef-ohai-public_ip.git",
      "ref": "7c1d0af67403aeae444e40180f78f022e67747a7"
    },
    "rackconnect": {
      "locked_version": "0.1.0",
      "git": "git@github.com:dwradcliffe/cookbook-rackconnect.git",
      "ref": "34904c5bed1f3b51df8ee066032915aecd9a446d"
    },
    "rbenv": {
      "locked_version": "1.5.1",
      "git": "git@github.com:RiotGames/rbenv-cookbook.git",
      "ref": "db7825b6bfe4a4ff214a67177b90711d7f331a68"
    },
    "ssh-keys": {
      "locked_version": "1.0.0",
      "git": "git://github.com/nickola/chef-ssh-keys.git",
      "ref": "7e1249ba0f5aab6f56ece8d9ba7b83906f473a77"
    },
    "ssl": {
      "locked_version": "1.0.7",
      "git": "git@github.com:cap10morgan/ssl-cookbook.git",
      "ref": "40a18622ab904f992c0acba8c66c8fc4ed84b97a"
    },
    "sudo": {
      "locked_version": "2.1.5",
      "git": "git@github.com:opscode-cookbooks/sudo.git",
      "ref": "a503303c8df8e832de5252169f4c02540b46667c"
    },
    "tickr": {
      "locked_version": "0.1.67",
      "git": "git@github.com:wistia/chef-tickr.git",
      "ref": "ef6bc60825dabccac596c821c6971326c036fa41"
    },
    "wistia-base": {
      "locked_version": "0.1.2",
      "git": "git@github.com:wistia/chef-wistia-base.git",
      "ref": "913474885c2c35d4d2d20abfe7d2b6ef82aa3a18"
    },
    "runit": {
      "locked_version": "1.1.6"
    },
    "build-essential": {
      "locked_version": "1.4.0"
    },
    "yum": {
      "locked_version": "2.3.0"
    },
    "cpu": {
      "locked_version": "0.2.0",
      "constraint": ">= 0.2.0"
    },
    "chef-client": {
      "locked_version": "3.0.4"
    },
    "cron": {
      "locked_version": "1.2.4",
      "constraint": ">= 1.2.0"
    },
    "ohai": {
      "locked_version": "1.1.10"
    },
    "application": {
      "locked_version": "3.0.0"
    },
    "apt": {
      "locked_version": "2.1.0"
    },
    "build-essential": {
      "locked_version": "1.4.0"
    },
    "git": {
      "locked_version": "2.5.2"
    },
    "dmg": {
      "locked_version": "1.1.0"
    },
    "windows": {
      "locked_version": "1.10.0"
    },
    "chef_handler": {
      "locked_version": "1.1.4"
    },
    "application": {
      "locked_version": "3.0.0"
    },
    "mysql": {
      "locked_version": "3.0.2"
    },
    "openssl": {
      "locked_version": "1.0.2"
    },
    "nginx": {
      "locked_version": "1.7.0"
    },
    "unicorn": {
      "locked_version": "1.3.0"
    }
  }
}
